// !$*UTF8*$!
{
	archiveVersion = 1;
	classes = {
	};
	objectVersion = 48;
	objects = {

/* Begin PBXBuildFile section */
		DCC10B55209456AD005D01E2 /* ATComponentService.m in Sources */ = {isa = PBXBuildFile; fileRef = DCC10B54209456AD005D01E2 /* ATComponentService.m */; };
		DCC10B56209456AD005D01E2 /* ATComponentService.h in CopyFiles */ = {isa = PBXBuildFile; fileRef = DCC10B53209456AD005D01E2 /* ATComponentService.h */; };
		DCC10B60209456EE005D01E2 /* ATComponentBase.m in Sources */ = {isa = PBXBuildFile; fileRef = DCC10B5D209456EE005D01E2 /* ATComponentBase.m */; };
		DCC10B61209456EE005D01E2 /* ATComponentProtocol.m in Sources */ = {isa = PBXBuildFile; fileRef = DCC10B5E209456EE005D01E2 /* ATComponentProtocol.m */; };
/* End PBXBuildFile section */

/* Begin PBXCopyFilesBuildPhase section */
		DCC10B4E209456AD005D01E2 /* CopyFiles */ = {
			isa = PBXCopyFilesBuildPhase;
			buildActionMask = 2147483647;
			dstPath = "include/$(PRODUCT_NAME)";
			dstSubfolderSpec = 16;
			files = (
				DCC10B56209456AD005D01E2 /* ATComponentService.h in CopyFiles */,
			);
			runOnlyForDeploymentPostprocessing = 0;
		};
/* End PBXCopyFilesBuildPhase section */

/* Begin PBXFileReference section */
		DCC10B50209456AD005D01E2 /* libATComponentService.a */ = {isa = PBXFileReference; explicitFileType = archive.ar; includeInIndex = 0; path = libATComponentService.a; sourceTree = BUILT_PRODUCTS_DIR; };
		DCC10B53209456AD005D01E2 /* ATComponentService.h */ = {isa = PBXFileReference; lastKnownFileType = sourcecode.c.h; path = ATComponentService.h; sourceTree = "<group>"; };
		DCC10B54209456AD005D01E2 /* ATComponentService.m */ = {isa = PBXFileReference; lastKnownFileType = sourcecode.c.objc; path = ATComponentService.m; sourceTree = "<group>"; };
		DCC10B5C209456EE005D01E2 /* ATComponentBase.h */ = {isa = PBXFileReference; fileEncoding = 4; lastKnownFileType = sourcecode.c.h; path = ATComponentBase.h; sourceTree = "<group>"; };
		DCC10B5D209456EE005D01E2 /* ATComponentBase.m */ = {isa = PBXFileReference; fileEncoding = 4; lastKnownFileType = sourcecode.c.objc; path = ATComponentBase.m; sourceTree = "<group>"; };
		DCC10B5E209456EE005D01E2 /* ATComponentProtocol.m */ = {isa = PBXFileReference; fileEncoding = 4; lastKnownFileType = sourcecode.c.objc; path = ATComponentProtocol.m; sourceTree = "<group>"; };
		DCC10B5F209456EE005D01E2 /* ATComponentProtocol.h */ = {isa = PBXFileReference; fileEncoding = 4; lastKnownFileType = sourcecode.c.h; path = ATComponentProtocol.h; sourceTree = "<group>"; };
/* End PBXFileReference section */

/* Begin PBXFrameworksBuildPhase section */
		DCC10B4D209456AD005D01E2 /* Frameworks */ = {
			isa = PBXFrameworksBuildPhase;
			buildActionMask = 2147483647;
			files = (
			);
			runOnlyForDeploymentPostprocessing = 0;
		};
/* End PBXFrameworksBuildPhase section */

/* Begin PBXGroup section */
		DCC10B47209456AC005D01E2 = {
			isa = PBXGroup;
			children = (
				DCC10B52209456AD005D01E2 /* ATComponentService */,
				DCC10B51209456AD005D01E2 /* Products */,
			);
			sourceTree = "<group>";
		};
		DCC10B51209456AD005D01E2 /* Products */ = {
			isa = PBXGroup;
			children = (
				DCC10B50209456AD005D01E2 /* libATComponentService.a */,
			);
			name = Products;
			sourceTree = "<group>";
		};
		DCC10B52209456AD005D01E2 /* ATComponentService */ = {
			isa = PBXGroup;
			children = (
				DCC10B53209456AD005D01E2 /* ATComponentService.h */,
				DCC10B54209456AD005D01E2 /* ATComponentService.m */,
				DCC10B5F209456EE005D01E2 /* ATComponentProtocol.h */,
				DCC10B5E209456EE005D01E2 /* ATComponentProtocol.m */,
				DCC10B5C209456EE005D01E2 /* ATComponentBase.h */,
				DCC10B5D209456EE005D01E2 /* ATComponentBase.m */,
			);
			path = ATComponentService;
			sourceTree = "<group>";
		};
/* End PBXGroup section */

/* Begin PBXNativeTarget section */
		DCC10B4F209456AD005D01E2 /* ATComponentService */ = {
			isa = PBXNativeTarget;
			buildConfigurationList = DCC10B59209456AD005D01E2 /* Build configuration list for PBXNativeTarget "ATComponentService" */;
			buildPhases = (
				DCC10B4C209456AD005D01E2 /* Sources */,
				DCC10B4D209456AD005D01E2 /* Frameworks */,
				DCC10B4E209456AD005D01E2 /* CopyFiles */,
			);
			buildRules = (
			);
			dependencies = (
			);
			name = ATComponentService;
			productName = ATComponentService;
			productReference = DCC10B50209456AD005D01E2 /* libATComponentService.a */;
			productType = "com.apple.product-type.library.static";
		};
/* End PBXNativeTarget section */

/* Begin PBXProject section */
		DCC10B48209456AC005D01E2 /* Project object */ = {
			isa = PBXProject;
			attributes = {
				LastUpgradeCheck = 0920;
				ORGANIZATIONNAME = linzhiman;
				TargetAttributes = {
					DCC10B4F209456AD005D01E2 = {
						CreatedOnToolsVersion = 9.2;
						ProvisioningStyle = Automatic;
					};
				};
			};
			buildConfigurationList = DCC10B4B209456AC005D01E2 /* Build configuration list for PBXProject "ATComponentService" */;
			compatibilityVersion = "Xcode 8.0";
			developmentRegion = en;
			hasScannedForEncodings = 0;
			knownRegions = (
				en,
			);
			mainGroup = DCC10B47209456AC005D01E2;
			productRefGroup = DCC10B51209456AD005D01E2 /* Products */;
			projectDirPath = "";
			projectRoot = "";
			targets = (
				DCC10B4F209456AD005D01E2 /* ATComponentService */,
			);
		};
/* End PBXProject section */

/* Begin PBXSourcesBuildPhase section */
		DCC10B4C209456AD005D01E2 /* Sources */ = {
			isa = PBXSourcesBuildPhase;
			buildActionMask = 2147483647;
			files = (
				DCC10B55209456AD005D01E2 /* ATComponentService.m in Sources */,
				DCC10B60209456EE005D01E2 /* ATComponentBase.m in Sources */,
				DCC10B61209456EE005D01E2 /* ATComponentProtocol.m in Sources */,
			);
			runOnlyForDeploymentPostprocessing = 0;
		};
/* End PBXSourcesBuildPhase section */

/* Begin XCBuildConfiguration section */
		DCC10B57209456AD005D01E2 /* Debug */ = {
			isa = XCBuildConfiguration;
			buildSettings = {
				ALWAYS_SEARCH_USER_PATHS = NO;
				CLANG_ANALYZER_NONNULL = YES;
				CLANG_ANALYZER_NUMBER_OBJECT_CONVERSION = YES_AGGRESSIVE;
				CLANG_CXX_LANGUAGE_STANDARD = "gnu++14";
				CLANG_CXX_LIBRARY = "libc++";
				CLANG_ENABLE_MODULES = YES;
				CLANG_ENABLE_OBJC_ARC = YES;
				CLANG_WARN_BLOCK_CAPTURE_AUTORELEASING = YES;
				CLANG_WARN_BOOL_CONVERSION = YES;
				CLANG_WARN_COMMA = YES;
				CLANG_WARN_CONSTANT_CONVERSION = YES;
				CLANG_WARN_DIRECT_OBJC_ISA_USAGE = YES_ERROR;
				CLANG_WARN_DOCUMENTATION_COMMENTS = YES;
				CLANG_WARN_EMPTY_BODY = YES;
				CLANG_WARN_ENUM_CONVERSION = YES;
				CLANG_WARN_INFINITE_RECURSION = YES;
				CLANG_WARN_INT_CONVERSION = YES;
				CLANG_WARN_NON_LITERAL_NULL_CONVERSION = YES;
				CLANG_WARN_OBJC_LITERAL_CONVERSION = YES;
				CLANG_WARN_OBJC_ROOT_CLASS = YES_ERROR;
				CLANG_WARN_RANGE_LOOP_ANALYSIS = YES;
				CLANG_WARN_STRICT_PROTOTYPES = YES;
				CLANG_WARN_SUSPICIOUS_MOVE = YES;
				CLANG_WARN_UNGUARDED_AVAILABILITY = YES_AGGRESSIVE;
				CLANG_WARN_UNREACHABLE_CODE = YES;
				CLANG_WARN__DUPLICATE_METHOD_MATCH = YES;
				CODE_SIGN_IDENTITY = "iPhone Developer";
				COPY_PHASE_STRIP = NO;
				DEBUG_INFORMATION_FORMAT = dwarf;
				ENABLE_STRICT_OBJC_MSGSEND = YES;
				ENABLE_TESTABILITY = YES;
				GCC_C_LANGUAGE_STANDARD = gnu11;
				GCC_DYNAMIC_NO_PIC = NO;
				GCC_NO_COMMON_BLOCKS = YES;
				GCC_OPTIMIZATION_LEVEL = 0;
				GCC_PREPROCESSOR_DEFINITIONS = (
					"DEBUG=1",
					"$(inherited)",
				);
				GCC_WARN_64_TO_32_BIT_CONVERSION = YES;
				GCC_WARN_ABOUT_RETURN_TYPE = YES_ERROR;
				GCC_WARN_UNDECLARED_SELECTOR = YES;
				GCC_WARN_UNINITIALIZED_AUTOS = YES_AGGRESSIVE;
				GCC_WARN_UNUSED_FUNCTION = YES;
				GCC_WARN_UNUSED_VARIABLE = YES;
				IPHONEOS_DEPLOYMENT_TARGET = 11.2;
				MTL_ENABLE_DEBUG_INFO = YES;
				ONLY_ACTIVE_ARCH = YES;
				SDKROOT = iphoneos;
			};
			name = Debug;
		};
		DCC10B58209456AD005D01E2 /* Release */ = {
			isa = XCBuildConfiguration;
			buildSettings = {
				ALWAYS_SEARCH_USER_PATHS = NO;
				CLANG_ANALYZER_NONNULL = YES;
				CLANG_ANALYZER_NUMBER_OBJECT_CONVERSION = YES_AGGRESSIVE;
				CLANG_CXX_LANGUAGE_STANDARD = "gnu++14";
				CLANG_CXX_LIBRARY = "libc++";
				CLANG_ENABLE_MODULES = YES;
				CLANG_ENABLE_OBJC_ARC = YES;
				CLANG_WARN_BLOCK_CAPTURE_AUTORELEASING = YES;
				CLANG_WARN_BOOL_CONVERSION = YES;
				CLANG_WARN_COMMA = YES;
				CLANG_WARN_CONSTANT_CONVERSION = YES;
				CLANG_WARN_DIRECT_OBJC_ISA_USAGE = YES_ERROR;
				CLANG_WARN_DOCUMENTATION_COMMENTS = YES;
				CLANG_WARN_EMPTY_BODY = YES;
				CLANG_WARN_ENUM_CONVERSION = YES;
				CLANG_WARN_INFINITE_RECURSION = YES;
				CLANG_WARN_INT_CONVERSION = YES;
				CLANG_WARN_NON_LITERAL_NULL_CONVERSION = YES;
				CLANG_WARN_OBJC_LITERAL_CONVERSION = YES;
				CLANG_WARN_OBJC_ROOT_CLASS = YES_ERROR;
				CLANG_WARN_RANGE_LOOP_ANALYSIS = YES;
				CLANG_WARN_STRICT_PROTOTYPES = YES;
				CLANG_WARN_SUSPICIOUS_MOVE = YES;
				CLANG_WARN_UNGUARDED_AVAILABILITY = YES_AGGRESSIVE;
				CLANG_WARN_UNREACHABLE_CODE = YES;
				CLANG_WARN__DUPLICATE_METHOD_MATCH = YES;
				CODE_SIGN_IDENTITY = "iPhone Developer";
				COPY_PHASE_STRIP = NO;
				DEBUG_INFORMATION_FORMAT = "dwarf-with-dsym";
				ENABLE_NS_ASSERTIONS = NO;
				ENABLE_STRICT_OBJC_MSGSEND = YES;
				GCC_C_LANGUAGE_STANDARD = gnu11;
				GCC_NO_COMMON_BLOCKS = YES;
				GCC_WARN_64_TO_32_BIT_CONVERSION = YES;
				GCC_WARN_ABOUT_RETURN_TYPE = YES_ERROR;
				GCC_WARN_UNDECLARED_SELECTOR = YES;
				GCC_WARN_UNINITIALIZED_AUTOS = YES_AGGRESSIVE;
				GCC_WARN_UNUSED_FUNCTION = YES;
				GCC_WARN_UNUSED_VARIABLE = YES;
				IPHONEOS_DEPLOYMENT_TARGET = 11.2;
				MTL_ENABLE_DEBUG_INFO = NO;
				SDKROOT = iphoneos;
				VALIDATE_PRODUCT = YES;
			};
			name = Release;
		};
		DCC10B5A209456AD005D01E2 /* Debug */ = {
			isa = XCBuildConfiguration;
			buildSettings = {
				CODE_SIGN_STYLE = Automatic;
				OTHER_LDFLAGS = "-ObjC";
				PRODUCT_NAME = "$(TARGET_NAME)";
				SKIP_INSTALL = YES;
				TARGETED_DEVICE_FAMILY = "1,2";
			};
			name = Debug;
		};
		DCC10B5B209456AD005D01E2 /* Release */ = {
			isa = XCBuildConfiguration;
			buildSettings = {
				CODE_SIGN_STYLE = Automatic;
				OTHER_LDFLAGS = "-ObjC";
				PRODUCT_NAME = "$(TARGET_NAME)";
				SKIP_INSTALL = YES;
				TARGETED_DEVICE_FAMILY = "1,2";
			};
			name = Release;
		};
/* End XCBuildConfiguration section */

/* Begin XCConfigurationList section */
		DCC10B4B209456AC005D01E2 /* Build configuration list for PBXProject "ATComponentService" */ = {
			isa = XCConfigurationList;
			buildConfigurations = (
				DCC10B57209456AD005D01E2 /* Debug */,
				DCC10B58209456AD005D01E2 /* Release */,
			);
			defaultConfigurationIsVisible = 0;
			defaultConfigurationName = Release;
		};
		DCC10B59209456AD005D01E2 /* Build configuration list for PBXNativeTarget "ATComponentService" */ = {
			isa = XCConfigurationList;
			buildConfigurations = (
				DCC10B5A209456AD005D01E2 /* Debug */,
				DCC10B5B209456AD005D01E2 /* Release */,
			);
			defaultConfigurationIsVisible = 0;
			defaultConfigurationName = Release;
		};
/* End XCConfigurationList section */
	};
	rootObject = DCC10B48209456AC005D01E2 /* Project object */;
}
